
Microsoft Visual Studio Solution File, Format Version 12.00
# Visual Studio Version 16
VisualStudioVersion = 16.0.29926.136
MinimumVisualStudioVersion = 10.0.40219.1
Project("{8BC9CEB8-8B4A-11D0-8D11-00A0C91BC942}") = "BigIntegerGCD", "BigIntegerGCD\BigIntegerGCD.vcxproj", "{2D16480B-2C15-468E-A710-BC8FE517427D}"
EndProject
Global
	GlobalSection(SolutionConfigurationPlatforms) = preSolution
		Debug|x64 = Debug|x64
		Debug|x86 = Debug|x86
		Release|x64 = Release|x64
		Release|x86 = Release|x86
	EndGlobalSection
	GlobalSection(ProjectConfigurationPlatforms) = postSolution
		{2D16480B-2C15-468E-A710-BC8FE517427D}.Debug|x64.ActiveCfg = Debug|x64
		{2D16480B-2C15-468E-A710-BC8FE517427D}.Debug|x64.Build.0 = Debug|x64
		{2D16480B-2C15-468E-A710-BC8FE517427D}.Debug|x86.ActiveCfg = Debug|Win32
		{2D16480B-2C15-468E-A710-BC8FE517427D}.Debug|x86.Build.0 = Debug|Win32
		{2D16480B-2C15-468E-A710-BC8FE517427D}.Release|x64.ActiveCfg = Release|x64
		{2D16480B-2C15-468E-A710-BC8FE517427D}.Release|x64.Build.0 = Release|x64
		{2D16480B-2C15-468E-A710-BC8FE517427D}.Release|x86.ActiveCfg = Release|Win32
		{2D16480B-2C15-468E-A710-BC8FE517427D}.Release|x86.Build.0 = Release|Win32
	EndGlobalSection
	GlobalSection(SolutionProperties) = preSolution
		HideSolutionNode = FALSE
	EndGlobalSection
	GlobalSection(ExtensibilityGlobals) = postSolution
		SolutionGuid = {56A58EC6-CA46-4213-9076-2D569BBC59C6}
	EndGlobalSection
EndGlobal
